// !$*UTF8*$!
{
	archiveVersion = 1;
	classes = {
	};
	objectVersion = 48;
	objects = {

/* Begin PBXBuildFile section */
		0CE3F6B87DC3B9B27C8CE022 /* Pods_FinanceAPP.framework in Frameworks */ = {isa = PBXBuildFile; fileRef = B0C563CDD5A23C43FB4979D8 /* Pods_FinanceAPP.framework */; };
		4411834220694BD100E84B86 /* SettingsAuxViewController.swift in Sources */ = {isa = PBXBuildFile; fileRef = 4411834120694BD100E84B86 /* SettingsAuxViewController.swift */; };
		4415EB0C203D00A800FD9888 /* AppDelegate.swift in Sources */ = {isa = PBXBuildFile; fileRef = 4415EB0B203D00A800FD9888 /* AppDelegate.swift */; };
		4415EB11203D00A800FD9888 /* Main.storyboard in Resources */ = {isa = PBXBuildFile; fileRef = 4415EB0F203D00A800FD9888 /* Main.storyboard */; };
		4415EB14203D00A800FD9888 /* FinanceAPP.xcdatamodeld in Sources */ = {isa = PBXBuildFile; fileRef = 4415EB12203D00A800FD9888 /* FinanceAPP.xcdatamodeld */; };
		4415EB19203D00A800FD9888 /* LaunchScreen.storyboard in Resources */ = {isa = PBXBuildFile; fileRef = 4415EB17203D00A800FD9888 /* LaunchScreen.storyboard */; };
		4415EB4D203D05C800FD9888 /* Hero+FinanceAPP.swift in Sources */ = {isa = PBXBuildFile; fileRef = 4415EB4C203D05C800FD9888 /* Hero+FinanceAPP.swift */; };
		4415EB4E203D061200FD9888 /* Hero.framework in Frameworks */ = {isa = PBXBuildFile; fileRef = 4415EB4F203D061200FD9888 /* Hero.framework */; };
		44193C64205BFC69008A9B0A /* UIImageExtension.swift in Sources */ = {isa = PBXBuildFile; fileRef = 44193C63205BFC69008A9B0A /* UIImageExtension.swift */; };
		4427E24D20448DAA0042D520 /* CategoryTableViewController.swift in Sources */ = {isa = PBXBuildFile; fileRef = 4427E24C20448DAA0042D520 /* CategoryTableViewController.swift */; };
		4427E24F20448FD90042D520 /* Category.swift in Sources */ = {isa = PBXBuildFile; fileRef = 4427E24E20448FD90042D520 /* Category.swift */; };
		4463EBC720405933008224C4 /* SettingsCollectionViewCell.swift in Sources */ = {isa = PBXBuildFile; fileRef = 4463EBC620405933008224C4 /* SettingsCollectionViewCell.swift */; };
		4463EBC920406F6B008224C4 /* TextField.swift in Sources */ = {isa = PBXBuildFile; fileRef = 4463EBC820406F6B008224C4 /* TextField.swift */; };
		4463FC172040938B0032BA67 /* Invoice.swift in Sources */ = {isa = PBXBuildFile; fileRef = 4463FC162040938B0032BA67 /* Invoice.swift */; };
		44889D50205021FA00C091EA /* CategoryCollectionViewCell.swift in Sources */ = {isa = PBXBuildFile; fileRef = 44889D4F205021FA00C091EA /* CategoryCollectionViewCell.swift */; };
		44889D54205027AC00C091EA /* AddEditCategoryTableViewController.swift in Sources */ = {isa = PBXBuildFile; fileRef = 44889D53205027AC00C091EA /* AddEditCategoryTableViewController.swift */; };
		4493B6C420445A1D009C4258 /* DateUtils.swift in Sources */ = {isa = PBXBuildFile; fileRef = 4493B6C320445A1D009C4258 /* DateUtils.swift */; };
		4493B6C620446875009C4258 /* StarterViewController.swift in Sources */ = {isa = PBXBuildFile; fileRef = 4493B6C520446875009C4258 /* StarterViewController.swift */; };
		449514D0203F4A4B00092F14 /* SignupViewController.swift in Sources */ = {isa = PBXBuildFile; fileRef = 449514CF203F4A4B00092F14 /* SignupViewController.swift */; };
		449E31952041D21D0051E47C /* EditInvoiceViewController.swift in Sources */ = {isa = PBXBuildFile; fileRef = 449E31942041D21D0051E47C /* EditInvoiceViewController.swift */; };
		449E31972041DF5F0051E47C /* UITableViewControllerExtension.swift in Sources */ = {isa = PBXBuildFile; fileRef = 449E31962041DF5F0051E47C /* UITableViewControllerExtension.swift */; };
		44A59E70204984C200C0268F /* UserAPI.swift in Sources */ = {isa = PBXBuildFile; fileRef = 44A59E6F204984C200C0268F /* UserAPI.swift */; };
		44A59E722049858D00C0268F /* User.swift in Sources */ = {isa = PBXBuildFile; fileRef = 44A59E712049858D00C0268F /* User.swift */; };
		44AF44272041E66000D5BFC5 /* RestConfig.swift in Sources */ = {isa = PBXBuildFile; fileRef = 44AF44262041E66000D5BFC5 /* RestConfig.swift */; };
		44AF442D2041EA2200D5BFC5 /* InvoiceAPI.swift in Sources */ = {isa = PBXBuildFile; fileRef = 44AF442C2041EA2200D5BFC5 /* InvoiceAPI.swift */; };
		44AF442F2041EC3100D5BFC5 /* LoginAPI.swift in Sources */ = {isa = PBXBuildFile; fileRef = 44AF442E2041EC3100D5BFC5 /* LoginAPI.swift */; };
		44B1F6AD203D9D180078E923 /* Assets.xcassets in Resources */ = {isa = PBXBuildFile; fileRef = 44B1F6AC203D9D180078E923 /* Assets.xcassets */; };
		44B1F6B0203DABE20078E923 /* HomeViewController.swift in Sources */ = {isa = PBXBuildFile; fileRef = 44B1F6AF203DABE20078E923 /* HomeViewController.swift */; };
		44B1F6B3203DB4290078E923 /* UIViewControllerExtension.swift in Sources */ = {isa = PBXBuildFile; fileRef = 44B1F6B2203DB4290078E923 /* UIViewControllerExtension.swift */; };
		44B1F6B5203DBB580078E923 /* UserViewController.swift in Sources */ = {isa = PBXBuildFile; fileRef = 44B1F6B4203DBB580078E923 /* UserViewController.swift */; };
		44B1F6B7203DC0800078E923 /* FinanceTableViewCell.swift in Sources */ = {isa = PBXBuildFile; fileRef = 44B1F6B6203DC0800078E923 /* FinanceTableViewCell.swift */; };
		44B1F6BB203DDC310078E923 /* AddInvoiceViewController.swift in Sources */ = {isa = PBXBuildFile; fileRef = 44B1F6BA203DDC310078E923 /* AddInvoiceViewController.swift */; };
		44B1F6BD203DDD660078E923 /* InvoiceViewController.swift in Sources */ = {isa = PBXBuildFile; fileRef = 44B1F6BC203DDD660078E923 /* InvoiceViewController.swift */; };
		44B1F6BF203DDF090078E923 /* SettingsViewController.swift in Sources */ = {isa = PBXBuildFile; fileRef = 44B1F6BE203DDF090078E923 /* SettingsViewController.swift */; };
		44B1F6C1203DFDD30078E923 /* LoginViewController.swift in Sources */ = {isa = PBXBuildFile; fileRef = 44B1F6C0203DFDD30078E923 /* LoginViewController.swift */; };
		44B801522056BE400023E381 /* FloatingActionButton.swift in Sources */ = {isa = PBXBuildFile; fileRef = 44B801512056BE400023E381 /* FloatingActionButton.swift */; };
		44BDDDD8205AA8EF00C1A83E /* NotificationsManager.swift in Sources */ = {isa = PBXBuildFile; fileRef = 44BDDDD7205AA8EF00C1A83E /* NotificationsManager.swift */; };
		44CC1874204EC9E700F2DCBF /* CategoryAPI.swift in Sources */ = {isa = PBXBuildFile; fileRef = 44CC1873204EC9E700F2DCBF /* CategoryAPI.swift */; };
		44CC1876204F0AE900F2DCBF /* CategoryViewController.swift in Sources */ = {isa = PBXBuildFile; fileRef = 44CC1875204F0AE900F2DCBF /* CategoryViewController.swift */; };
		44DD51212046F6E8001EBF89 /* PaymentViewController.swift in Sources */ = {isa = PBXBuildFile; fileRef = 44DD51202046F6E8001EBF89 /* PaymentViewController.swift */; };
		44F142AA20518A2E0081686A /* FilterViewController.swift in Sources */ = {isa = PBXBuildFile; fileRef = 44F142A920518A2E0081686A /* FilterViewController.swift */; };
/* End PBXBuildFile section */

/* Begin PBXFileReference section */
		4411834120694BD100E84B86 /* SettingsAuxViewController.swift */ = {isa = PBXFileReference; lastKnownFileType = sourcecode.swift; path = SettingsAuxViewController.swift; sourceTree = "<group>"; };
		4415EB08203D00A800FD9888 /* FinanceAPP.app */ = {isa = PBXFileReference; explicitFileType = wrapper.application; includeInIndex = 0; path = FinanceAPP.app; sourceTree = BUILT_PRODUCTS_DIR; };
		4415EB0B203D00A800FD9888 /* AppDelegate.swift */ = {isa = PBXFileReference; lastKnownFileType = sourcecode.swift; path = AppDelegate.swift; sourceTree = "<group>"; };
		4415EB10203D00A800FD9888 /* Base */ = {isa = PBXFileReference; lastKnownFileType = file.storyboard; name = Base; path = Base.lproj/Main.storyboard; sourceTree = "<group>"; };
		4415EB13203D00A800FD9888 /* FinanceAPP.xcdatamodel */ = {isa = PBXFileReference; lastKnownFileType = wrapper.xcdatamodel; path = FinanceAPP.xcdatamodel; sourceTree = "<group>"; };
		4415EB18203D00A800FD9888 /* Base */ = {isa = PBXFileReference; lastKnownFileType = file.storyboard; name = Base; path = Base.lproj/LaunchScreen.storyboard; sourceTree = "<group>"; };
		4415EB1A203D00A800FD9888 /* Info.plist */ = {isa = PBXFileReference; lastKnownFileType = text.plist.xml; path = Info.plist; sourceTree = "<group>"; };
		4415EB21203D017E00FD9888 /* Hero.framework */ = {isa = PBXFileReference; explicitFileType = wrapper.framework; path = Hero.framework; sourceTree = BUILT_PRODUCTS_DIR; };
		4415EB4C203D05C800FD9888 /* Hero+FinanceAPP.swift */ = {isa = PBXFileReference; lastKnownFileType = sourcecode.swift; path = "Hero+FinanceAPP.swift"; sourceTree = "<group>"; };
		4415EB4F203D061200FD9888 /* Hero.framework */ = {isa = PBXFileReference; explicitFileType = wrapper.framework; path = Hero.framework; sourceTree = BUILT_PRODUCTS_DIR; };
		44193C63205BFC69008A9B0A /* UIImageExtension.swift */ = {isa = PBXFileReference; lastKnownFileType = sourcecode.swift; path = UIImageExtension.swift; sourceTree = "<group>"; };
		4427E24C20448DAA0042D520 /* CategoryTableViewController.swift */ = {isa = PBXFileReference; lastKnownFileType = sourcecode.swift; path = CategoryTableViewController.swift; sourceTree = "<group>"; };
		4427E24E20448FD90042D520 /* Category.swift */ = {isa = PBXFileReference; lastKnownFileType = sourcecode.swift; path = Category.swift; sourceTree = "<group>"; };
		4463EBC620405933008224C4 /* SettingsCollectionViewCell.swift */ = {isa = PBXFileReference; lastKnownFileType = sourcecode.swift; path = SettingsCollectionViewCell.swift; sourceTree = "<group>"; };
		4463EBC820406F6B008224C4 /* TextField.swift */ = {isa = PBXFileReference; lastKnownFileType = sourcecode.swift; path = TextField.swift; sourceTree = "<group>"; };
		4463FC162040938B0032BA67 /* Invoice.swift */ = {isa = PBXFileReference; fileEncoding = 4; lastKnownFileType = sourcecode.swift; path = Invoice.swift; sourceTree = "<group>"; };
		44889D4F205021FA00C091EA /* CategoryCollectionViewCell.swift */ = {isa = PBXFileReference; lastKnownFileType = sourcecode.swift; path = CategoryCollectionViewCell.swift; sourceTree = "<group>"; };
		44889D53205027AC00C091EA /* AddEditCategoryTableViewController.swift */ = {isa = PBXFileReference; lastKnownFileType = sourcecode.swift; path = AddEditCategoryTableViewController.swift; sourceTree = "<group>"; };
		4493B6C320445A1D009C4258 /* DateUtils.swift */ = {isa = PBXFileReference; lastKnownFileType = sourcecode.swift; path = DateUtils.swift; sourceTree = "<group>"; };
		4493B6C520446875009C4258 /* StarterViewController.swift */ = {isa = PBXFileReference; lastKnownFileType = sourcecode.swift; path = StarterViewController.swift; sourceTree = "<group>"; };
		449514CF203F4A4B00092F14 /* SignupViewController.swift */ = {isa = PBXFileReference; lastKnownFileType = sourcecode.swift; path = SignupViewController.swift; sourceTree = "<group>"; };
		449E31942041D21D0051E47C /* EditInvoiceViewController.swift */ = {isa = PBXFileReference; lastKnownFileType = sourcecode.swift; path = EditInvoiceViewController.swift; sourceTree = "<group>"; };
		449E31962041DF5F0051E47C /* UITableViewControllerExtension.swift */ = {isa = PBXFileReference; lastKnownFileType = sourcecode.swift; path = UITableViewControllerExtension.swift; sourceTree = "<group>"; };
		44A59E6F204984C200C0268F /* UserAPI.swift */ = {isa = PBXFileReference; lastKnownFileType = sourcecode.swift; path = UserAPI.swift; sourceTree = "<group>"; };
		44A59E712049858D00C0268F /* User.swift */ = {isa = PBXFileReference; lastKnownFileType = sourcecode.swift; path = User.swift; sourceTree = "<group>"; };
		44AF44262041E66000D5BFC5 /* RestConfig.swift */ = {isa = PBXFileReference; lastKnownFileType = sourcecode.swift; path = RestConfig.swift; sourceTree = "<group>"; };
		44AF442C2041EA2200D5BFC5 /* InvoiceAPI.swift */ = {isa = PBXFileReference; lastKnownFileType = sourcecode.swift; path = InvoiceAPI.swift; sourceTree = "<group>"; };
		44AF442E2041EC3100D5BFC5 /* LoginAPI.swift */ = {isa = PBXFileReference; lastKnownFileType = sourcecode.swift; path = LoginAPI.swift; sourceTree = "<group>"; };
		44B1F6AC203D9D180078E923 /* Assets.xcassets */ = {isa = PBXFileReference; lastKnownFileType = folder.assetcatalog; path = Assets.xcassets; sourceTree = "<group>"; };
		44B1F6AF203DABE20078E923 /* HomeViewController.swift */ = {isa = PBXFileReference; lastKnownFileType = sourcecode.swift; path = HomeViewController.swift; sourceTree = "<group>"; };
		44B1F6B2203DB4290078E923 /* UIViewControllerExtension.swift */ = {isa = PBXFileReference; lastKnownFileType = sourcecode.swift; path = UIViewControllerExtension.swift; sourceTree = "<group>"; };
		44B1F6B4203DBB580078E923 /* UserViewController.swift */ = {isa = PBXFileReference; lastKnownFileType = sourcecode.swift; path = UserViewController.swift; sourceTree = "<group>"; };
		44B1F6B6203DC0800078E923 /* FinanceTableViewCell.swift */ = {isa = PBXFileReference; lastKnownFileType = sourcecode.swift; path = FinanceTableViewCell.swift; sourceTree = "<group>"; };
		44B1F6BA203DDC310078E923 /* AddInvoiceViewController.swift */ = {isa = PBXFileReference; lastKnownFileType = sourcecode.swift; path = AddInvoiceViewController.swift; sourceTree = "<group>"; };
		44B1F6BC203DDD660078E923 /* InvoiceViewController.swift */ = {isa = PBXFileReference; lastKnownFileType = sourcecode.swift; path = InvoiceViewController.swift; sourceTree = "<group>"; };
		44B1F6BE203DDF090078E923 /* SettingsViewController.swift */ = {isa = PBXFileReference; lastKnownFileType = sourcecode.swift; path = SettingsViewController.swift; sourceTree = "<group>"; };
		44B1F6C0203DFDD30078E923 /* LoginViewController.swift */ = {isa = PBXFileReference; lastKnownFileType = sourcecode.swift; path = LoginViewController.swift; sourceTree = "<group>"; };
		44B801512056BE400023E381 /* FloatingActionButton.swift */ = {isa = PBXFileReference; lastKnownFileType = sourcecode.swift; path = FloatingActionButton.swift; sourceTree = "<group>"; };
		44BDDDD7205AA8EF00C1A83E /* NotificationsManager.swift */ = {isa = PBXFileReference; lastKnownFileType = sourcecode.swift; path = NotificationsManager.swift; sourceTree = "<group>"; };
		44CC1873204EC9E700F2DCBF /* CategoryAPI.swift */ = {isa = PBXFileReference; lastKnownFileType = sourcecode.swift; path = CategoryAPI.swift; sourceTree = "<group>"; };
		44CC1875204F0AE900F2DCBF /* CategoryViewController.swift */ = {isa = PBXFileReference; lastKnownFileType = sourcecode.swift; path = CategoryViewController.swift; sourceTree = "<group>"; };
		44DD51202046F6E8001EBF89 /* PaymentViewController.swift */ = {isa = PBXFileReference; lastKnownFileType = sourcecode.swift; path = PaymentViewController.swift; sourceTree = "<group>"; };
		44F142A920518A2E0081686A /* FilterViewController.swift */ = {isa = PBXFileReference; lastKnownFileType = sourcecode.swift; path = FilterViewController.swift; sourceTree = "<group>"; };
		7D737D258320E22610610F77 /* Pods-FinanceAPP.debug.xcconfig */ = {isa = PBXFileReference; includeInIndex = 1; lastKnownFileType = text.xcconfig; name = "Pods-FinanceAPP.debug.xcconfig"; path = "Pods/Target Support Files/Pods-FinanceAPP/Pods-FinanceAPP.debug.xcconfig"; sourceTree = "<group>"; };
		B0C563CDD5A23C43FB4979D8 /* Pods_FinanceAPP.framework */ = {isa = PBXFileReference; explicitFileType = wrapper.framework; includeInIndex = 0; path = Pods_FinanceAPP.framework; sourceTree = BUILT_PRODUCTS_DIR; };
		E641025F3F4CE455F02F951C /* Pods-FinanceAPP.release.xcconfig */ = {isa = PBXFileReference; includeInIndex = 1; lastKnownFileType = text.xcconfig; name = "Pods-FinanceAPP.release.xcconfig"; path = "Pods/Target Support Files/Pods-FinanceAPP/Pods-FinanceAPP.release.xcconfig"; sourceTree = "<group>"; };
/* End PBXFileReference section */

/* Begin PBXFrameworksBuildPhase section */
		4415EB05203D00A800FD9888 /* Frameworks */ = {
			isa = PBXFrameworksBuildPhase;
			buildActionMask = 2147483647;
			files = (
				4415EB4E203D061200FD9888 /* Hero.framework in Frameworks */,
				0CE3F6B87DC3B9B27C8CE022 /* Pods_FinanceAPP.framework in Frameworks */,
			);
			runOnlyForDeploymentPostprocessing = 0;
		};
/* End PBXFrameworksBuildPhase section */

/* Begin PBXGroup section */
		4415EAFF203D00A800FD9888 = {
			isa = PBXGroup;
			children = (
				4415EB0A203D00A800FD9888 /* FinanceAPP */,
				4415EB09203D00A800FD9888 /* Products */,
				CFBF3263BCF4C27984898CE5 /* Pods */,
				65927491D32A52F7928E67BC /* Frameworks */,
			);
			sourceTree = "<group>";
		};
		4415EB09203D00A800FD9888 /* Products */ = {
			isa = PBXGroup;
			children = (
				4415EB08203D00A800FD9888 /* FinanceAPP.app */,
			);
			name = Products;
			sourceTree = "<group>";
		};
		4415EB0A203D00A800FD9888 /* FinanceAPP */ = {
			isa = PBXGroup;
			children = (
				4493B6C220445A0F009C4258 /* Utils */,
				44AF44252041E65500D5BFC5 /* Rest */,
				4463FC152040938B0032BA67 /* Model */,
				4463EBCB20407972008224C4 /* Custom */,
				44B1F6B1203DB4120078E923 /* Extensions */,
				4415EC69203D0B3F00FD9888 /* Sources */,
				4415EB27203D02FA00FD9888 /* Resources */,
				4415EB26203D02ED00FD9888 /* Controllers */,
				4415EB25203D02E200FD9888 /* Views */,
				4415EB1A203D00A800FD9888 /* Info.plist */,
				4415EB12203D00A800FD9888 /* FinanceAPP.xcdatamodeld */,
			);
			path = FinanceAPP;
			sourceTree = "<group>";
		};
		4415EB25203D02E200FD9888 /* Views */ = {
			isa = PBXGroup;
			children = (
				4415EB17203D00A800FD9888 /* LaunchScreen.storyboard */,
				4415EB0F203D00A800FD9888 /* Main.storyboard */,
			);
			path = Views;
			sourceTree = "<group>";
		};
		4415EB26203D02ED00FD9888 /* Controllers */ = {
			isa = PBXGroup;
			children = (
				4415EB0B203D00A800FD9888 /* AppDelegate.swift */,
				44B1F6AF203DABE20078E923 /* HomeViewController.swift */,
				44B1F6B4203DBB580078E923 /* UserViewController.swift */,
				44B1F6B6203DC0800078E923 /* FinanceTableViewCell.swift */,
				44B1F6BA203DDC310078E923 /* AddInvoiceViewController.swift */,
				44B1F6BC203DDD660078E923 /* InvoiceViewController.swift */,
				44B1F6BE203DDF090078E923 /* SettingsViewController.swift */,
				44B1F6C0203DFDD30078E923 /* LoginViewController.swift */,
				449514CF203F4A4B00092F14 /* SignupViewController.swift */,
				4463EBC620405933008224C4 /* SettingsCollectionViewCell.swift */,
				449E31942041D21D0051E47C /* EditInvoiceViewController.swift */,
				4493B6C520446875009C4258 /* StarterViewController.swift */,
				4427E24C20448DAA0042D520 /* CategoryTableViewController.swift */,
				44DD51202046F6E8001EBF89 /* PaymentViewController.swift */,
				44CC1875204F0AE900F2DCBF /* CategoryViewController.swift */,
				44889D4F205021FA00C091EA /* CategoryCollectionViewCell.swift */,
				44889D53205027AC00C091EA /* AddEditCategoryTableViewController.swift */,
				44F142A920518A2E0081686A /* FilterViewController.swift */,
				4411834120694BD100E84B86 /* SettingsAuxViewController.swift */,
			);
			path = Controllers;
			sourceTree = "<group>";
		};
		4415EB27203D02FA00FD9888 /* Resources */ = {
			isa = PBXGroup;
			children = (
				44B1F6AC203D9D180078E923 /* Assets.xcassets */,
				4415EB4C203D05C800FD9888 /* Hero+FinanceAPP.swift */,
			);
			path = Resources;
			sourceTree = "<group>";
		};
		4415EC69203D0B3F00FD9888 /* Sources */ = {
			isa = PBXGroup;
			children = (
				4415EC6A203D0B3F00FD9888 /* Animator */,
				4415EC6B203D0B3F00FD9888 /* Debug Plugin */,
				4415EC6C203D0B3F00FD9888 /* Extensions */,
				4415EC6D203D0B3F00FD9888 /* Parser */,
				4415EC6E203D0B3F00FD9888 /* Preprocessors */,
				4415EC6F203D0B3F00FD9888 /* Transition */,
			);
			path = Sources;
			sourceTree = "<group>";
		};
		4415EC6A203D0B3F00FD9888 /* Animator */ = {
			isa = PBXGroup;
			children = (
			);
			path = Animator;
			sourceTree = "<group>";
		};
		4415EC6B203D0B3F00FD9888 /* Debug Plugin */ = {
			isa = PBXGroup;
			children = (
			);
			path = "Debug Plugin";
			sourceTree = "<group>";
		};
		4415EC6C203D0B3F00FD9888 /* Extensions */ = {
			isa = PBXGroup;
			children = (
			);
			path = Extensions;
			sourceTree = "<group>";
		};
		4415EC6D203D0B3F00FD9888 /* Parser */ = {
			isa = PBXGroup;
			children = (
			);
			path = Parser;
			sourceTree = "<group>";
		};
		4415EC6E203D0B3F00FD9888 /* Preprocessors */ = {
			isa = PBXGroup;
			children = (
			);
			path = Preprocessors;
			sourceTree = "<group>";
		};
		4415EC6F203D0B3F00FD9888 /* Transition */ = {
			isa = PBXGroup;
			children = (
			);
			path = Transition;
			sourceTree = "<group>";
		};
		4463EBCB20407972008224C4 /* Custom */ = {
			isa = PBXGroup;
			children = (
				4463EBC820406F6B008224C4 /* TextField.swift */,
				44B801512056BE400023E381 /* FloatingActionButton.swift */,
			);
			path = Custom;
			sourceTree = "<group>";
		};
		4463FC152040938B0032BA67 /* Model */ = {
			isa = PBXGroup;
			children = (
				4463FC162040938B0032BA67 /* Invoice.swift */,
				4427E24E20448FD90042D520 /* Category.swift */,
				44A59E712049858D00C0268F /* User.swift */,
			);
			path = Model;
			sourceTree = "<group>";
		};
		4493B6C220445A0F009C4258 /* Utils */ = {
			isa = PBXGroup;
			children = (
				4493B6C320445A1D009C4258 /* DateUtils.swift */,
				44BDDDD7205AA8EF00C1A83E /* NotificationsManager.swift */,
			);
			path = Utils;
			sourceTree = "<group>";
		};
		44AF44252041E65500D5BFC5 /* Rest */ = {
			isa = PBXGroup;
			children = (
				44AF44262041E66000D5BFC5 /* RestConfig.swift */,
				44AF442C2041EA2200D5BFC5 /* InvoiceAPI.swift */,
				44AF442E2041EC3100D5BFC5 /* LoginAPI.swift */,
				44A59E6F204984C200C0268F /* UserAPI.swift */,
				44CC1873204EC9E700F2DCBF /* CategoryAPI.swift */,
			);
			path = Rest;
			sourceTree = "<group>";
		};
		44B1F6B1203DB4120078E923 /* Extensions */ = {
			isa = PBXGroup;
			children = (
				44B1F6B2203DB4290078E923 /* UIViewControllerExtension.swift */,
				449E31962041DF5F0051E47C /* UITableViewControllerExtension.swift */,
				44193C63205BFC69008A9B0A /* UIImageExtension.swift */,
			);
			path = Extensions;
			sourceTree = "<group>";
		};
		65927491D32A52F7928E67BC /* Frameworks */ = {
			isa = PBXGroup;
			children = (
				4415EB4F203D061200FD9888 /* Hero.framework */,
				4415EB21203D017E00FD9888 /* Hero.framework */,
				B0C563CDD5A23C43FB4979D8 /* Pods_FinanceAPP.framework */,
			);
			name = Frameworks;
			sourceTree = "<group>";
		};
		CFBF3263BCF4C27984898CE5 /* Pods */ = {
			isa = PBXGroup;
			children = (
				7D737D258320E22610610F77 /* Pods-FinanceAPP.debug.xcconfig */,
				E641025F3F4CE455F02F951C /* Pods-FinanceAPP.release.xcconfig */,
			);
			name = Pods;
			sourceTree = "<group>";
		};
/* End PBXGroup section */

/* Begin PBXNativeTarget section */
		4415EB07203D00A800FD9888 /* FinanceAPP */ = {
			isa = PBXNativeTarget;
			buildConfigurationList = 4415EB1D203D00A800FD9888 /* Build configuration list for PBXNativeTarget "FinanceAPP" */;
			buildPhases = (
				F71F938B79E5B9C78D9A593D /* [CP] Check Pods Manifest.lock */,
				4415EB04203D00A800FD9888 /* Sources */,
				4415EB05203D00A800FD9888 /* Frameworks */,
				4415EB06203D00A800FD9888 /* Resources */,
				545095413286A4CA82B73197 /* [CP] Embed Pods Frameworks */,
				3EF79243C8C90392DDBD2C3A /* [CP] Copy Pods Resources */,
			);
			buildRules = (
			);
			dependencies = (
			);
			name = FinanceAPP;
			productName = FinanceAPP;
			productReference = 4415EB08203D00A800FD9888 /* FinanceAPP.app */;
			productType = "com.apple.product-type.application";
		};
/* End PBXNativeTarget section */

/* Begin PBXProject section */
		4415EB00203D00A800FD9888 /* Project object */ = {
			isa = PBXProject;
			attributes = {
				LastSwiftUpdateCheck = 0920;
				LastUpgradeCheck = 0920;
				ORGANIZATIONNAME = "Victor Prado";
				TargetAttributes = {
					4415EB07203D00A800FD9888 = {
						CreatedOnToolsVersion = 9.2;
						ProvisioningStyle = Automatic;
					};
				};
			};
			buildConfigurationList = 4415EB03203D00A800FD9888 /* Build configuration list for PBXProject "FinanceAPP" */;
			compatibilityVersion = "Xcode 8.0";
			developmentRegion = en;
			hasScannedForEncodings = 0;
			knownRegions = (
				en,
				Base,
			);
			mainGroup = 4415EAFF203D00A800FD9888;
			productRefGroup = 4415EB09203D00A800FD9888 /* Products */;
			projectDirPath = "";
			projectRoot = "";
			targets = (
				4415EB07203D00A800FD9888 /* FinanceAPP */,
			);
		};
/* End PBXProject section */

/* Begin PBXResourcesBuildPhase section */
		4415EB06203D00A800FD9888 /* Resources */ = {
			isa = PBXResourcesBuildPhase;
			buildActionMask = 2147483647;
			files = (
				4415EB19203D00A800FD9888 /* LaunchScreen.storyboard in Resources */,
				44B1F6AD203D9D180078E923 /* Assets.xcassets in Resources */,
				4415EB11203D00A800FD9888 /* Main.storyboard in Resources */,
			);
			runOnlyForDeploymentPostprocessing = 0;
		};
/* End PBXResourcesBuildPhase section */

/* Begin PBXShellScriptBuildPhase section */
		3EF79243C8C90392DDBD2C3A /* [CP] Copy Pods Resources */ = {
			isa = PBXShellScriptBuildPhase;
			buildActionMask = 2147483647;
			files = (
			);
			inputPaths = (
			);
			name = "[CP] Copy Pods Resources";
			outputPaths = (
			);
			runOnlyForDeploymentPostprocessing = 0;
			shellPath = /bin/sh;
			shellScript = "\"${SRCROOT}/Pods/Target Support Files/Pods-FinanceAPP/Pods-FinanceAPP-resources.sh\"\n";
			showEnvVarsInLog = 0;
		};
		545095413286A4CA82B73197 /* [CP] Embed Pods Frameworks */ = {
			isa = PBXShellScriptBuildPhase;
			buildActionMask = 2147483647;
			files = (
			);
			inputPaths = (
				"${SRCROOT}/Pods/Target Support Files/Pods-FinanceAPP/Pods-FinanceAPP-frameworks.sh",
				"${BUILT_PRODUCTS_DIR}/Alamofire/Alamofire.framework",
				"${BUILT_PRODUCTS_DIR}/AlamofireObjectMapper/AlamofireObjectMapper.framework",
				"${BUILT_PRODUCTS_DIR}/DeckTransition/DeckTransition.framework",
				"${BUILT_PRODUCTS_DIR}/FSCalendar/FSCalendar.framework",
				"${BUILT_PRODUCTS_DIR}/Hero/Hero.framework",
				"${BUILT_PRODUCTS_DIR}/MDFInternationalization/MDFInternationalization.framework",
				"${BUILT_PRODUCTS_DIR}/MDFTextAccessibility/MDFTextAccessibility.framework",
				"${BUILT_PRODUCTS_DIR}/MaterialComponents/MaterialComponents.framework",
				"${BUILT_PRODUCTS_DIR}/ObjectMapper/ObjectMapper.framework",
				"${BUILT_PRODUCTS_DIR}/Realm/Realm.framework",
				"${BUILT_PRODUCTS_DIR}/RealmSwift/RealmSwift.framework",
				"${BUILT_PRODUCTS_DIR}/SwiftyJSON/SwiftyJSON.framework",
				"${BUILT_PRODUCTS_DIR}/TextFieldEffects/TextFieldEffects.framework",
			);
			name = "[CP] Embed Pods Frameworks";
			outputPaths = (
				"${TARGET_BUILD_DIR}/${FRAMEWORKS_FOLDER_PATH}/Alamofire.framework",
				"${TARGET_BUILD_DIR}/${FRAMEWORKS_FOLDER_PATH}/AlamofireObjectMapper.framework",
				"${TARGET_BUILD_DIR}/${FRAMEWORKS_FOLDER_PATH}/DeckTransition.framework",
				"${TARGET_BUILD_DIR}/${FRAMEWORKS_FOLDER_PATH}/FSCalendar.framework",
				"${TARGET_BUILD_DIR}/${FRAMEWORKS_FOLDER_PATH}/Hero.framework",
				"${TARGET_BUILD_DIR}/${FRAMEWORKS_FOLDER_PATH}/MDFInternationalization.framework",
				"${TARGET_BUILD_DIR}/${FRAMEWORKS_FOLDER_PATH}/MDFTextAccessibility.framework",
				"${TARGET_BUILD_DIR}/${FRAMEWORKS_FOLDER_PATH}/MaterialComponents.framework",
				"${TARGET_BUILD_DIR}/${FRAMEWORKS_FOLDER_PATH}/ObjectMapper.framework",
				"${TARGET_BUILD_DIR}/${FRAMEWORKS_FOLDER_PATH}/Realm.framework",
				"${TARGET_BUILD_DIR}/${FRAMEWORKS_FOLDER_PATH}/RealmSwift.framework",
				"${TARGET_BUILD_DIR}/${FRAMEWORKS_FOLDER_PATH}/SwiftyJSON.framework",
				"${TARGET_BUILD_DIR}/${FRAMEWORKS_FOLDER_PATH}/TextFieldEffects.framework",
			);
			runOnlyForDeploymentPostprocessing = 0;
			shellPath = /bin/sh;
			shellScript = "\"${SRCROOT}/Pods/Target Support Files/Pods-FinanceAPP/Pods-FinanceAPP-frameworks.sh\"\n";
			showEnvVarsInLog = 0;
		};
		F71F938B79E5B9C78D9A593D /* [CP] Check Pods Manifest.lock */ = {
			isa = PBXShellScriptBuildPhase;
			buildActionMask = 2147483647;
			files = (
			);
			inputPaths = (
				"${PODS_PODFILE_DIR_PATH}/Podfile.lock",
				"${PODS_ROOT}/Manifest.lock",
			);
			name = "[CP] Check Pods Manifest.lock";
			outputPaths = (
				"$(DERIVED_FILE_DIR)/Pods-FinanceAPP-checkManifestLockResult.txt",
			);
			runOnlyForDeploymentPostprocessing = 0;
			shellPath = /bin/sh;
			shellScript = "diff \"${PODS_PODFILE_DIR_PATH}/Podfile.lock\" \"${PODS_ROOT}/Manifest.lock\" > /dev/null\nif [ $? != 0 ] ; then\n    # print error to STDERR\n    echo \"error: The sandbox is not in sync with the Podfile.lock. Run 'pod install' or update your CocoaPods installation.\" >&2\n    exit 1\nfi\n# This output is used by Xcode 'outputs' to avoid re-running this script phase.\necho \"SUCCESS\" > \"${SCRIPT_OUTPUT_FILE_0}\"\n";
			showEnvVarsInLog = 0;
		};
/* End PBXShellScriptBuildPhase section */

/* Begin PBXSourcesBuildPhase section */
		4415EB04203D00A800FD9888 /* Sources */ = {
			isa = PBXSourcesBuildPhase;
			buildActionMask = 2147483647;
			files = (
				4415EB14203D00A800FD9888 /* FinanceAPP.xcdatamodeld in Sources */,
				449E31972041DF5F0051E47C /* UITableViewControllerExtension.swift in Sources */,
				44B1F6B5203DBB580078E923 /* UserViewController.swift in Sources */,
				44193C64205BFC69008A9B0A /* UIImageExtension.swift in Sources */,
				44889D54205027AC00C091EA /* AddEditCategoryTableViewController.swift in Sources */,
				44A59E70204984C200C0268F /* UserAPI.swift in Sources */,
				44B1F6BD203DDD660078E923 /* InvoiceViewController.swift in Sources */,
				44A59E722049858D00C0268F /* User.swift in Sources */,
				4493B6C420445A1D009C4258 /* DateUtils.swift in Sources */,
				4463EBC920406F6B008224C4 /* TextField.swift in Sources */,
				44B1F6BF203DDF090078E923 /* SettingsViewController.swift in Sources */,
				4415EB4D203D05C800FD9888 /* Hero+FinanceAPP.swift in Sources */,
				44AF44272041E66000D5BFC5 /* RestConfig.swift in Sources */,
				4463EBC720405933008224C4 /* SettingsCollectionViewCell.swift in Sources */,
				4463FC172040938B0032BA67 /* Invoice.swift in Sources */,
				44B1F6B3203DB4290078E923 /* UIViewControllerExtension.swift in Sources */,
				4493B6C620446875009C4258 /* StarterViewController.swift in Sources */,
				449514D0203F4A4B00092F14 /* SignupViewController.swift in Sources */,
				44889D50205021FA00C091EA /* CategoryCollectionViewCell.swift in Sources */,
				44AF442F2041EC3100D5BFC5 /* LoginAPI.swift in Sources */,
				4411834220694BD100E84B86 /* SettingsAuxViewController.swift in Sources */,
				4427E24D20448DAA0042D520 /* CategoryTableViewController.swift in Sources */,
				4415EB0C203D00A800FD9888 /* AppDelegate.swift in Sources */,
				44DD51212046F6E8001EBF89 /* PaymentViewController.swift in Sources */,
				44B1F6B0203DABE20078E923 /* HomeViewController.swift in Sources */,
				44AF442D2041EA2200D5BFC5 /* InvoiceAPI.swift in Sources */,
				449E31952041D21D0051E47C /* EditInvoiceViewController.swift in Sources */,
				44B1F6BB203DDC310078E923 /* AddInvoiceViewController.swift in Sources */,
				44F142AA20518A2E0081686A /* FilterViewController.swift in Sources */,
				44CC1876204F0AE900F2DCBF /* CategoryViewController.swift in Sources */,
				44CC1874204EC9E700F2DCBF /* CategoryAPI.swift in Sources */,
				44B1F6B7203DC0800078E923 /* FinanceTableViewCell.swift in Sources */,
				44BDDDD8205AA8EF00C1A83E /* NotificationsManager.swift in Sources */,
				44B1F6C1203DFDD30078E923 /* LoginViewController.swift in Sources */,
				44B801522056BE400023E381 /* FloatingActionButton.swift in Sources */,
				4427E24F20448FD90042D520 /* Category.swift in Sources */,
			);
			runOnlyForDeploymentPostprocessing = 0;
		};
/* End PBXSourcesBuildPhase section */

/* Begin PBXVariantGroup section */
		4415EB0F203D00A800FD9888 /* Main.storyboard */ = {
			isa = PBXVariantGroup;
			children = (
				4415EB10203D00A800FD9888 /* Base */,
			);
			name = Main.storyboard;
			sourceTree = "<group>";
		};
		4415EB17203D00A800FD9888 /* LaunchScreen.storyboard */ = {
			isa = PBXVariantGroup;
			children = (
				4415EB18203D00A800FD9888 /* Base */,
			);
			name = LaunchScreen.storyboard;
			sourceTree = "<group>";
		};
/* End PBXVariantGroup section */

/* Begin XCBuildConfiguration section */
		4415EB1B203D00A800FD9888 /* Debug */ = {
			isa = XCBuildConfiguration;
			buildSettings = {
				ALWAYS_SEARCH_USER_PATHS = NO;
				CLANG_ANALYZER_NONNULL = YES;
				CLANG_ANALYZER_NUMBER_OBJECT_CONVERSION = YES_AGGRESSIVE;
				CLANG_CXX_LANGUAGE_STANDARD = "gnu++14";
				CLANG_CXX_LIBRARY = "libc++";
				CLANG_ENABLE_MODULES = YES;
				CLANG_ENABLE_OBJC_ARC = YES;
				CLANG_WARN_BLOCK_CAPTURE_AUTORELEASING = YES;
				CLANG_WARN_BOOL_CONVERSION = YES;
				CLANG_WARN_COMMA = YES;
				CLANG_WARN_CONSTANT_CONVERSION = YES;
				CLANG_WARN_DIRECT_OBJC_ISA_USAGE = YES_ERROR;
				CLANG_WARN_DOCUMENTATION_COMMENTS = YES;
				CLANG_WARN_EMPTY_BODY = YES;
				CLANG_WARN_ENUM_CONVERSION = YES;
				CLANG_WARN_INFINITE_RECURSION = YES;
				CLANG_WARN_INT_CONVERSION = YES;
				CLANG_WARN_NON_LITERAL_NULL_CONVERSION = YES;
				CLANG_WARN_OBJC_LITERAL_CONVERSION = YES;
				CLANG_WARN_OBJC_ROOT_CLASS = YES_ERROR;
				CLANG_WARN_RANGE_LOOP_ANALYSIS = YES;
				CLANG_WARN_STRICT_PROTOTYPES = YES;
				CLANG_WARN_SUSPICIOUS_MOVE = YES;
				CLANG_WARN_UNGUARDED_AVAILABILITY = YES_AGGRESSIVE;
				CLANG_WARN_UNREACHABLE_CODE = YES;
				CLANG_WARN__DUPLICATE_METHOD_MATCH = YES;
				CODE_SIGN_IDENTITY = "iPhone Developer";
				COPY_PHASE_STRIP = NO;
				DEBUG_INFORMATION_FORMAT = dwarf;
				ENABLE_STRICT_OBJC_MSGSEND = YES;
				ENABLE_TESTABILITY = YES;
				GCC_C_LANGUAGE_STANDARD = gnu11;
				GCC_DYNAMIC_NO_PIC = NO;
				GCC_NO_COMMON_BLOCKS = YES;
				GCC_OPTIMIZATION_LEVEL = 0;
				GCC_PREPROCESSOR_DEFINITIONS = (
					"DEBUG=1",
					"$(inherited)",
				);
				GCC_WARN_64_TO_32_BIT_CONVERSION = YES;
				GCC_WARN_ABOUT_RETURN_TYPE = YES_ERROR;
				GCC_WARN_UNDECLARED_SELECTOR = YES;
				GCC_WARN_UNINITIALIZED_AUTOS = YES_AGGRESSIVE;
				GCC_WARN_UNUSED_FUNCTION = YES;
				GCC_WARN_UNUSED_VARIABLE = YES;
				IPHONEOS_DEPLOYMENT_TARGET = 11.2;
				MTL_ENABLE_DEBUG_INFO = YES;
				ONLY_ACTIVE_ARCH = YES;
				SDKROOT = iphoneos;
				SWIFT_ACTIVE_COMPILATION_CONDITIONS = DEBUG;
				SWIFT_OPTIMIZATION_LEVEL = "-Onone";
			};
			name = Debug;
		};
		4415EB1C203D00A800FD9888 /* Release */ = {
			isa = XCBuildConfiguration;
			buildSettings = {
				ALWAYS_SEARCH_USER_PATHS = NO;
				CLANG_ANALYZER_NONNULL = YES;
				CLANG_ANALYZER_NUMBER_OBJECT_CONVERSION = YES_AGGRESSIVE;
				CLANG_CXX_LANGUAGE_STANDARD = "gnu++14";
				CLANG_CXX_LIBRARY = "libc++";
				CLANG_ENABLE_MODULES = YES;
				CLANG_ENABLE_OBJC_ARC = YES;
				CLANG_WARN_BLOCK_CAPTURE_AUTORELEASING = YES;
				CLANG_WARN_BOOL_CONVERSION = YES;
				CLANG_WARN_COMMA = YES;
				CLANG_WARN_CONSTANT_CONVERSION = YES;
				CLANG_WARN_DIRECT_OBJC_ISA_USAGE = YES_ERROR;
				CLANG_WARN_DOCUMENTATION_COMMENTS = YES;
				CLANG_WARN_EMPTY_BODY = YES;
				CLANG_WARN_ENUM_CONVERSION = YES;
				CLANG_WARN_INFINITE_RECURSION = YES;
				CLANG_WARN_INT_CONVERSION = YES;
				CLANG_WARN_NON_LITERAL_NULL_CONVERSION = YES;
				CLANG_WARN_OBJC_LITERAL_CONVERSION = YES;
				CLANG_WARN_OBJC_ROOT_CLASS = YES_ERROR;
				CLANG_WARN_RANGE_LOOP_ANALYSIS = YES;
				CLANG_WARN_STRICT_PROTOTYPES = YES;
				CLANG_WARN_SUSPICIOUS_MOVE = YES;
				CLANG_WARN_UNGUARDED_AVAILABILITY = YES_AGGRESSIVE;
				CLANG_WARN_UNREACHABLE_CODE = YES;
				CLANG_WARN__DUPLICATE_METHOD_MATCH = YES;
				CODE_SIGN_IDENTITY = "iPhone Developer";
				COPY_PHASE_STRIP = NO;
				DEBUG_INFORMATION_FORMAT = "dwarf-with-dsym";
				ENABLE_NS_ASSERTIONS = NO;
				ENABLE_STRICT_OBJC_MSGSEND = YES;
				GCC_C_LANGUAGE_STANDARD = gnu11;
				GCC_NO_COMMON_BLOCKS = YES;
				GCC_WARN_64_TO_32_BIT_CONVERSION = YES;
				GCC_WARN_ABOUT_RETURN_TYPE = YES_ERROR;
				GCC_WARN_UNDECLARED_SELECTOR = YES;
				GCC_WARN_UNINITIALIZED_AUTOS = YES_AGGRESSIVE;
				GCC_WARN_UNUSED_FUNCTION = YES;
				GCC_WARN_UNUSED_VARIABLE = YES;
				IPHONEOS_DEPLOYMENT_TARGET = 11.2;
				MTL_ENABLE_DEBUG_INFO = NO;
				SDKROOT = iphoneos;
				SWIFT_OPTIMIZATION_LEVEL = "-Owholemodule";
				VALIDATE_PRODUCT = YES;
			};
			name = Release;
		};
		4415EB1E203D00A800FD9888 /* Debug */ = {
			isa = XCBuildConfiguration;
			baseConfigurationReference = 7D737D258320E22610610F77 /* Pods-FinanceAPP.debug.xcconfig */;
			buildSettings = {
				ASSETCATALOG_COMPILER_APPICON_NAME = AppIcon;
				CODE_SIGN_STYLE = Automatic;
				DEVELOPMENT_TEAM = "";
				INFOPLIST_FILE = FinanceAPP/Info.plist;
				IPHONEOS_DEPLOYMENT_TARGET = 11.0;
				LD_RUNPATH_SEARCH_PATHS = "$(inherited) @executable_path/Frameworks";
				PRODUCT_BUNDLE_IDENTIFIER = com.victorprado.FinanceAPP;
				PRODUCT_NAME = "$(TARGET_NAME)";
				SWIFT_VERSION = 4.0;
				TARGETED_DEVICE_FAMILY = 1;
			};
			name = Debug;
		};
		4415EB1F203D00A800FD9888 /* Release */ = {
			isa = XCBuildConfiguration;
			baseConfigurationReference = E641025F3F4CE455F02F951C /* Pods-FinanceAPP.release.xcconfig */;
			buildSettings = {
				ASSETCATALOG_COMPILER_APPICON_NAME = AppIcon;
				CODE_SIGN_STYLE = Automatic;
				DEVELOPMENT_TEAM = "";
				INFOPLIST_FILE = FinanceAPP/Info.plist;
				IPHONEOS_DEPLOYMENT_TARGET = 11.0;
				LD_RUNPATH_SEARCH_PATHS = "$(inherited) @executable_path/Frameworks";
				PRODUCT_BUNDLE_IDENTIFIER = com.victorprado.FinanceAPP;
				PRODUCT_NAME = "$(TARGET_NAME)";
				SWIFT_VERSION = 4.0;
				TARGETED_DEVICE_FAMILY = 1;
			};
			name = Release;
		};
/* End XCBuildConfiguration section */

/* Begin XCConfigurationList section */
		4415EB03203D00A800FD9888 /* Build configuration list for PBXProject "FinanceAPP" */ = {
			isa = XCConfigurationList;
			buildConfigurations = (
				4415EB1B203D00A800FD9888 /* Debug */,
				4415EB1C203D00A800FD9888 /* Release */,
			);
			defaultConfigurationIsVisible = 0;
			defaultConfigurationName = Release;
		};
		4415EB1D203D00A800FD9888 /* Build configuration list for PBXNativeTarget "FinanceAPP" */ = {
			isa = XCConfigurationList;
			buildConfigurations = (
				4415EB1E203D00A800FD9888 /* Debug */,
				4415EB1F203D00A800FD9888 /* Release */,
			);
			defaultConfigurationIsVisible = 0;
			defaultConfigurationName = Release;
		};
/* End XCConfigurationList section */

/* Begin XCVersionGroup section */
		4415EB12203D00A800FD9888 /* FinanceAPP.xcdatamodeld */ = {
			isa = XCVersionGroup;
			children = (
				4415EB13203D00A800FD9888 /* FinanceAPP.xcdatamodel */,
			);
			currentVersion = 4415EB13203D00A800FD9888 /* FinanceAPP.xcdatamodel */;
			path = FinanceAPP.xcdatamodeld;
			sourceTree = "<group>";
			versionGroupType = wrapper.xcdatamodel;
		};
/* End XCVersionGroup section */
	};
	rootObject = 4415EB00203D00A800FD9888 /* Project object */;
}
